
Microsoft Visual Studio Solution File, Format Version 12.00
# Visual Studio Version 17
VisualStudioVersion = 17.0.31717.71
MinimumVisualStudioVersion = 10.0.40219.1
Project("{9A19103F-16F7-4668-BE54-9A1E7A4F7556}") = "Challenger", "Challenger.csproj", "{5FDC0AFB-E95C-41C4-A59F-58BCCE79CDFE}"
EndProject
Global
	GlobalSection(SolutionConfigurationPlatforms) = preSolution
		Debug|Any CPU = Debug|Any CPU
		Release|Any CPU = Release|Any CPU
	EndGlobalSection
	GlobalSection(ProjectConfigurationPlatforms) = postSolution
		{5FDC0AFB-E95C-41C4-A59F-58BCCE79CDFE}.Debug|Any CPU.ActiveCfg = Debug|Any CPU
		{5FDC0AFB-E95C-41C4-A59F-58BCCE79CDFE}.Debug|Any CPU.Build.0 = Debug|Any CPU
		{5FDC0AFB-E95C-41C4-A59F-58BCCE79CDFE}.Release|Any CPU.ActiveCfg = Release|Any CPU
		{5FDC0AFB-E95C-41C4-A59F-58BCCE79CDFE}.Release|Any CPU.Build.0 = Release|Any CPU
	EndGlobalSection
	GlobalSection(SolutionProperties) = preSolution
		HideSolutionNode = FALSE
	EndGlobalSection
	GlobalSection(ExtensibilityGlobals) = postSolution
		SolutionGuid = {909EED96-6048-4042-A161-C72FACF4BF8D}
	EndGlobalSection
EndGlobal